
Microsoft Visual Studio Solution File, Format Version 12.00
# Visual Studio 15
VisualStudioVersion = 15.0.27130.2024
MinimumVisualStudioVersion = 10.0.40219.1
Project("{FAE04EC0-301F-11D3-BF4B-00C04F79EFBC}") = "WindowsFormsApp4", "WindowsFormsApp4\WindowsFormsApp4.csproj", "{AB000592-0E48-4C54-BC3F-D0C7EB465935}"
EndProject
Global
	GlobalSection(SolutionConfigurationPlatforms) = preSolution
		Debug|Any CPU = Debug|Any CPU
		Release|Any CPU = Release|Any CPU
	EndGlobalSection
	GlobalSection(ProjectConfigurationPlatforms) = postSolution
		{AB000592-0E48-4C54-BC3F-D0C7EB465935}.Debug|Any CPU.ActiveCfg = Debug|Any CPU
		{AB000592-0E48-4C54-BC3F-D0C7EB465935}.Debug|Any CPU.Build.0 = Debug|Any CPU
		{AB000592-0E48-4C54-BC3F-D0C7EB465935}.Release|Any CPU.ActiveCfg = Release|Any CPU
		{AB000592-0E48-4C54-BC3F-D0C7EB465935}.Release|Any CPU.Build.0 = Release|Any CPU
	EndGlobalSection
	GlobalSection(SolutionProperties) = preSolution
		HideSolutionNode = FALSE
	EndGlobalSection
	GlobalSection(ExtensibilityGlobals) = postSolution
		SolutionGuid = {F100191F-D58B-4B06-82F4-D988C8B00E11}
	EndGlobalSection
EndGlobal
