
Microsoft Visual Studio Solution File, Format Version 12.00
# Visual Studio 15
VisualStudioVersion = 15.0.27130.2024
MinimumVisualStudioVersion = 10.0.40219.1
Project("{FAE04EC0-301F-11D3-BF4B-00C04F79EFBC}") = "WindowsFormsApp14", "WindowsFormsApp14\WindowsFormsApp14.csproj", "{6C775821-40D8-4568-B07A-A736EA38CBA8}"
EndProject
Global
	GlobalSection(SolutionConfigurationPlatforms) = preSolution
		Debug|Any CPU = Debug|Any CPU
		Release|Any CPU = Release|Any CPU
	EndGlobalSection
	GlobalSection(ProjectConfigurationPlatforms) = postSolution
		{6C775821-40D8-4568-B07A-A736EA38CBA8}.Debug|Any CPU.ActiveCfg = Debug|Any CPU
		{6C775821-40D8-4568-B07A-A736EA38CBA8}.Debug|Any CPU.Build.0 = Debug|Any CPU
		{6C775821-40D8-4568-B07A-A736EA38CBA8}.Release|Any CPU.ActiveCfg = Release|Any CPU
		{6C775821-40D8-4568-B07A-A736EA38CBA8}.Release|Any CPU.Build.0 = Release|Any CPU
	EndGlobalSection
	GlobalSection(SolutionProperties) = preSolution
		HideSolutionNode = FALSE
	EndGlobalSection
	GlobalSection(ExtensibilityGlobals) = postSolution
		SolutionGuid = {DEE17BE6-EC09-4143-9E87-D54F0793CC9D}
	EndGlobalSection
EndGlobal
