
Microsoft Visual Studio Solution File, Format Version 12.00
# Visual Studio 15
VisualStudioVersion = 15.0.27130.2024
MinimumVisualStudioVersion = 10.0.40219.1
Project("{FAE04EC0-301F-11D3-BF4B-00C04F79EFBC}") = "WindowsFormsApp2", "WindowsFormsApp2\WindowsFormsApp2.csproj", "{70BD2567-7AAB-4431-A511-0A6A2A20B2E2}"
EndProject
Global
	GlobalSection(SolutionConfigurationPlatforms) = preSolution
		Debug|Any CPU = Debug|Any CPU
		Release|Any CPU = Release|Any CPU
	EndGlobalSection
	GlobalSection(ProjectConfigurationPlatforms) = postSolution
		{70BD2567-7AAB-4431-A511-0A6A2A20B2E2}.Debug|Any CPU.ActiveCfg = Debug|Any CPU
		{70BD2567-7AAB-4431-A511-0A6A2A20B2E2}.Debug|Any CPU.Build.0 = Debug|Any CPU
		{70BD2567-7AAB-4431-A511-0A6A2A20B2E2}.Release|Any CPU.ActiveCfg = Release|Any CPU
		{70BD2567-7AAB-4431-A511-0A6A2A20B2E2}.Release|Any CPU.Build.0 = Release|Any CPU
	EndGlobalSection
	GlobalSection(SolutionProperties) = preSolution
		HideSolutionNode = FALSE
	EndGlobalSection
	GlobalSection(ExtensibilityGlobals) = postSolution
		SolutionGuid = {57FBCDBC-6BC3-4D98-AC23-CB77A5D5C51C}
	EndGlobalSection
EndGlobal
