
Microsoft Visual Studio Solution File, Format Version 12.00
# Visual Studio 15
VisualStudioVersion = 15.0.27130.2024
MinimumVisualStudioVersion = 10.0.40219.1
Project("{FAE04EC0-301F-11D3-BF4B-00C04F79EFBC}") = "WindowsFormsApp6", "WindowsFormsApp6\WindowsFormsApp6.csproj", "{0398F11F-A269-485F-849C-77EC3763AFE4}"
EndProject
Global
	GlobalSection(SolutionConfigurationPlatforms) = preSolution
		Debug|Any CPU = Debug|Any CPU
		Release|Any CPU = Release|Any CPU
	EndGlobalSection
	GlobalSection(ProjectConfigurationPlatforms) = postSolution
		{0398F11F-A269-485F-849C-77EC3763AFE4}.Debug|Any CPU.ActiveCfg = Debug|Any CPU
		{0398F11F-A269-485F-849C-77EC3763AFE4}.Debug|Any CPU.Build.0 = Debug|Any CPU
		{0398F11F-A269-485F-849C-77EC3763AFE4}.Release|Any CPU.ActiveCfg = Release|Any CPU
		{0398F11F-A269-485F-849C-77EC3763AFE4}.Release|Any CPU.Build.0 = Release|Any CPU
	EndGlobalSection
	GlobalSection(SolutionProperties) = preSolution
		HideSolutionNode = FALSE
	EndGlobalSection
	GlobalSection(ExtensibilityGlobals) = postSolution
		SolutionGuid = {98937423-B96A-42AF-8D0B-E9925847CD9E}
	EndGlobalSection
EndGlobal
