
Microsoft Visual Studio Solution File, Format Version 12.00
# Visual Studio 15
VisualStudioVersion = 15.0.27130.2024
MinimumVisualStudioVersion = 10.0.40219.1
Project("{FAE04EC0-301F-11D3-BF4B-00C04F79EFBC}") = "WindowsFormsApp1", "WindowsFormsApp1\WindowsFormsApp1.csproj", "{7F8445CA-0D1A-480E-8088-0240FAC1BC2F}"
EndProject
Global
	GlobalSection(SolutionConfigurationPlatforms) = preSolution
		Debug|Any CPU = Debug|Any CPU
		Release|Any CPU = Release|Any CPU
	EndGlobalSection
	GlobalSection(ProjectConfigurationPlatforms) = postSolution
		{7F8445CA-0D1A-480E-8088-0240FAC1BC2F}.Debug|Any CPU.ActiveCfg = Debug|Any CPU
		{7F8445CA-0D1A-480E-8088-0240FAC1BC2F}.Debug|Any CPU.Build.0 = Debug|Any CPU
		{7F8445CA-0D1A-480E-8088-0240FAC1BC2F}.Release|Any CPU.ActiveCfg = Release|Any CPU
		{7F8445CA-0D1A-480E-8088-0240FAC1BC2F}.Release|Any CPU.Build.0 = Release|Any CPU
	EndGlobalSection
	GlobalSection(SolutionProperties) = preSolution
		HideSolutionNode = FALSE
	EndGlobalSection
	GlobalSection(ExtensibilityGlobals) = postSolution
		SolutionGuid = {67E32F9A-4674-4A17-9A3A-5B269388CDEF}
	EndGlobalSection
EndGlobal
